
Microsoft Visual Studio Solution File, Format Version 12.00
# Visual Studio Version 17
VisualStudioVersion = 17.2.32616.157
MinimumVisualStudioVersion = 10.0.40219.1
Project("{FAE04EC0-301F-11D3-BF4B-00C04F79EFBC}") = "TpGestionEcole", "TpGestionEcole\TpGestionEcole.csproj", "{4955B0A7-A1E1-4860-B3ED-DC04173E53CD}"
EndProject
Global
	GlobalSection(SolutionConfigurationPlatforms) = preSolution
		Debug|Any CPU = Debug|Any CPU
		Release|Any CPU = Release|Any CPU
	EndGlobalSection
	GlobalSection(ProjectConfigurationPlatforms) = postSolution
		{4955B0A7-A1E1-4860-B3ED-DC04173E53CD}.Debug|Any CPU.ActiveCfg = Debug|Any CPU
		{4955B0A7-A1E1-4860-B3ED-DC04173E53CD}.Debug|Any CPU.Build.0 = Debug|Any CPU
		{4955B0A7-A1E1-4860-B3ED-DC04173E53CD}.Release|Any CPU.ActiveCfg = Release|Any CPU
		{4955B0A7-A1E1-4860-B3ED-DC04173E53CD}.Release|Any CPU.Build.0 = Release|Any CPU
	EndGlobalSection
	GlobalSection(SolutionProperties) = preSolution
		HideSolutionNode = FALSE
	EndGlobalSection
	GlobalSection(ExtensibilityGlobals) = postSolution
		SolutionGuid = {BEC0C1AB-B781-406E-B217-F61035E21762}
	EndGlobalSection
EndGlobal
